
Microsoft Visual Studio Solution File, Format Version 12.00
# Visual Studio 15
VisualStudioVersion = 15.0.27130.2027
MinimumVisualStudioVersion = 10.0.40219.1
Project("{FAE04EC0-301F-11D3-BF4B-00C04F79EFBC}") = "Calculadora", "Calculadora\Calculadora.csproj", "{8341E738-BC17-469A-AE91-8985DA0080C9}"
EndProject
Global
	GlobalSection(SolutionConfigurationPlatforms) = preSolution
		Debug|Any CPU = Debug|Any CPU
		Release|Any CPU = Release|Any CPU
	EndGlobalSection
	GlobalSection(ProjectConfigurationPlatforms) = postSolution
		{8341E738-BC17-469A-AE91-8985DA0080C9}.Debug|Any CPU.ActiveCfg = Debug|Any CPU
		{8341E738-BC17-469A-AE91-8985DA0080C9}.Debug|Any CPU.Build.0 = Debug|Any CPU
		{8341E738-BC17-469A-AE91-8985DA0080C9}.Release|Any CPU.ActiveCfg = Release|Any CPU
		{8341E738-BC17-469A-AE91-8985DA0080C9}.Release|Any CPU.Build.0 = Release|Any CPU
	EndGlobalSection
	GlobalSection(SolutionProperties) = preSolution
		HideSolutionNode = FALSE
	EndGlobalSection
	GlobalSection(ExtensibilityGlobals) = postSolution
		SolutionGuid = {8412B057-07D4-40DC-A4AA-5657CCED110C}
	EndGlobalSection
EndGlobal
